<Solution>
  <Folder Name="/src/">
    <Project Path="src/Battlestation.Core/Battlestation.Core.csproj" />
    <Project Path="src/Battlestation.GpuHelper/Battlestation.GpuHelper.csproj" />
    <Project Path="src/Battlestation.VideoBridge/Battlestation.VideoBridge.csproj" />
    <Project Path="src/Battlestation/Battlestation.csproj" />
  </Folder>
  <Folder Name="/tests/">
    <Project Path="tests/Battlestation.AppActivity.Tests.csproj" />
    <Project Path="tests/Battlestation.Bluetooth.Tests.csproj" />
    <Project Path="tests/Battlestation.BrowserVideo.Tests.csproj" />
    <Project Path="tests/Battlestation.DockReview.Tests.csproj" />
  </Folder>
</Solution>
