<Solution>
  <Folder Name="/src/">
    <Project Path="src/Battlestation.Core/Battlestation.Core.csproj" />
    <Project Path="src/Battlestation.GpuHelper/Battlestation.GpuHelper.csproj" />
    <Project Path="src/Battlestation.VideoBridge/Battlestation.VideoBridge.csproj" />
    <Project Path="src/Battlestation/Battlestation.csproj" />
  </Folder>
  <Folder Name="/tests/">
    <Project Path="tests/Battlestation.Core.Tests.csproj" />
    <Project Path="tests/Battlestation.Desktop.Tests.csproj" />
    <Project Path="tests/Battlestation.Layout.Tests.csproj" />
    <Project Path="tests/Battlestation.Responsive.Tests.csproj" />
    <Project Path="tests/Battlestation.Terminal.Tests.csproj" />
    <Project Path="tests/Battlestation.TerminalTabs.Tests.csproj" />
    <Project Path="tests/Battlestation.Commands.Tests.csproj" />
    <Project Path="tests/Battlestation.Video.Tests.csproj" />
    <Project Path="tests/Battlestation.BrowserVideo.Tests.csproj" />
    <Project Path="tests/Battlestation.Audio.Tests.csproj" />
    <Project Path="tests/Battlestation.AudioWorker.Tests.csproj" />
    <Project Path="tests/Battlestation.Experiences.Tests.csproj" />
    <Project Path="tests/Battlestation.Consolidation.Tests.csproj" />
  </Folder>
</Solution>
